Microsoft Visual Studio Solution File, Format Version 12.00
# Visual Studio Version 17
VisualStudioVersion = 17.5.2.0
MinimumVisualStudioVersion = 10.0.40219.1
Project("{FAE04EC0-301F-11D3-BF4B-00C04F79EFBC}") = "LotusAPI.HW.ABPLC", "LotusAPI.HW.ABPLC.csproj", "{77D1147A-7CCE-C5A2-296B-E870419B15DF}"
EndProject
Global
	GlobalSection(SolutionConfigurationPlatforms) = preSolution
		Debug|Any CPU = Debug|Any CPU
		Release|Any CPU = Release|Any CPU
	EndGlobalSection
	GlobalSection(ProjectConfigurationPlatforms) = postSolution
		{77D1147A-7CCE-C5A2-296B-E870419B15DF}.Debug|Any CPU.ActiveCfg = Debug|Any CPU
		{77D1147A-7CCE-C5A2-296B-E870419B15DF}.Debug|Any CPU.Build.0 = Debug|Any CPU
		{77D1147A-7CCE-C5A2-296B-E870419B15DF}.Release|Any CPU.ActiveCfg = Release|Any CPU
		{77D1147A-7CCE-C5A2-296B-E870419B15DF}.Release|Any CPU.Build.0 = Release|Any CPU
	EndGlobalSection
	GlobalSection(SolutionProperties) = preSolution
		HideSolutionNode = FALSE
	EndGlobalSection
	GlobalSection(ExtensibilityGlobals) = postSolution
		SolutionGuid = {C86D388E-DF81-4C63-9171-A53443815E3E}
	EndGlobalSection
EndGlobal
